<?xml version="1.0" encoding="UTF-8" standalone="yes" ?>
<CodeBlocks_project_file>
	<FileVersion major="1" minor="6" />
	<Project>
		<Option title="Pixel World - Duel Mode v2 - Launcher" />
		<Option pch_mode="2" />
		<Option compiler="gcc" />
		<Build>
			<Target title="Debug">
				<Option output="bin/Debug/Pixel World - Duel Mode v2 - Launcher" prefix_auto="1" extension_auto="1" />
				<Option object_output="obj/Debug/" />
				<Option type="0" />
				<Option compiler="gcc" />
				<Compiler>
					<Add option="-g" />
				</Compiler>
			</Target>
			<Target title="Release">
				<Option output="bin/Release/Pixel World - Duel Mode v2 - Launcher" prefix_auto="1" extension_auto="1" />
				<Option object_output="obj/Release/" />
				<Option type="0" />
				<Option compiler="gcc" />
				<Compiler>
					<Add option="-fomit-frame-pointer" />
					<Add option="-fexpensive-optimizations" />
					<Add option="-O3" />
					<Add option="-std=c++11" />
				</Compiler>
				<Linker>
					<Add option="-s" />
				</Linker>
			</Target>
		</Build>
		<Compiler>
			<Add option="-Wall" />
			<Add directory="./include" />
		</Compiler>
		<Linker>
			<Add option="-lmingw32 -lSDL2main -lSDL2 -lSDL2_ttf -lSDL2_mixer -lSDL2_image" />
			<Add directory="./lib" />
		</Linker>
		<Unit filename="icon.rc">
			<Option compilerVar="WINDRES" />
		</Unit>
		<Unit filename="include/big_background.h" />
		<Unit filename="include/buff.h" />
		<Unit filename="include/clue_map_texture.h" />
		<Unit filename="include/controller.h" />
		<Unit filename="include/controls_screen.h" />
		<Unit filename="include/darkness.h" />
		<Unit filename="include/errors.h" />
		<Unit filename="include/interactive_map_texture.h" />
		<Unit filename="include/inventory.h" />
		<Unit filename="include/item.h" />
		<Unit filename="include/journal.h" />
		<Unit filename="include/journal_entry.h" />
		<Unit filename="include/level.h" />
		<Unit filename="include/library.h" />
		<Unit filename="include/load_audio_effects.h" />
		<Unit filename="include/load_images.h" />
		<Unit filename="include/map.h" />
		<Unit filename="include/map_texture.h" />
		<Unit filename="include/menu.h" />
		<Unit filename="include/non_playable_character.h" />
		<Unit filename="include/player.h" />
		<Unit filename="include/puzzle.h" />
		<Unit filename="include/script_interpreter.h" />
		<Unit filename="include/settings.h" />
		<Unit filename="include/shop.h" />
		<Unit filename="include/shop_page.h" />
		<Unit filename="include/spell.h" />
		<Unit filename="include/texture.h" />
		<Unit filename="src/big_background.cpp" />
		<Unit filename="src/buff.cpp" />
		<Unit filename="src/clue_map_texture.cpp" />
		<Unit filename="src/controller.cpp" />
		<Unit filename="src/controls_screen.cpp" />
		<Unit filename="src/darkness.cpp" />
		<Unit filename="src/errors.cpp" />
		<Unit filename="src/interactive_map_texture.cpp" />
		<Unit filename="src/inventory.cpp" />
		<Unit filename="src/item.cpp" />
		<Unit filename="src/journal.cpp" />
		<Unit filename="src/journal_entry.cpp" />
		<Unit filename="src/level.cpp" />
		<Unit filename="src/library.cpp" />
		<Unit filename="src/load_audio_effects.cpp" />
		<Unit filename="src/load_images.cpp" />
		<Unit filename="src/main.cpp" />
		<Unit filename="src/map.cpp" />
		<Unit filename="src/map_texture.cpp" />
		<Unit filename="src/menu.cpp" />
		<Unit filename="src/non_playable_character.cpp" />
		<Unit filename="src/player.cpp" />
		<Unit filename="src/puzzle.cpp" />
		<Unit filename="src/script_interpreter.cpp" />
		<Unit filename="src/settings.cpp" />
		<Unit filename="src/shop.cpp" />
		<Unit filename="src/shop_page.cpp" />
		<Unit filename="src/spell.cpp" />
		<Unit filename="src/texture.cpp" />
		<Extensions>
			<code_completion />
			<envvars />
			<debugger />
			<lib_finder disable_auto="1" />
		</Extensions>
	</Project>
</CodeBlocks_project_file>
